{
  "name": "trading view",
  "lockfileVersion": 3,
  "requires": true,
  "packages": {
    "": {
      "dependencies": {
        "lightweight-charts": "https://pkg.pr.new/lightweight-charts@master"
      }
    },
    "node_modules/fancy-canvas": {
      "version": "2.1.0",
      "resolved": "https://registry.npmjs.org/fancy-canvas/-/fancy-canvas-2.1.0.tgz",
      "integrity": "sha512-nifxXJ95JNLFR2NgRV4/MxVP45G9909wJTEKz5fg/TZS20JJZA6hfgRVh/bC9bwl2zBtBNcYPjiBE4njQHVBwQ==",
      "license": "MIT"
    },
    "node_modules/lightweight-charts": {
      "version": "5.2.0",
      "resolved": "https://pkg.pr.new/lightweight-charts@master",
      "integrity": "sha512-/xjcVWvv7fCJJQTS+S5FP1mmYoWH6OLijItPviFChtehGhA9pbqwZZWsgxK5fvgVC5IBa2eLevCORYxPju0NIA==",
      "license": "Apache-2.0",
      "dependencies": {
        "fancy-canvas": "2.1.0"
      }
    }
  }
}
